
Microsoft Visual Studio Solution File, Format Version 12.00
Project("{FAE04EC0-301F-11D3-BF4B-00C04F79EFBC}") = "Api", ".\src\Api\Api.csproj", "{DF643A95-3BBD-43C0-87A2-EE51067A228F}"
EndProject
Project("{2150E333-8FDC-42A3-9474-1A3956D46DE8}") = "root", "root", "{BF3C3280-74F2-4442-B6E5-A772FBA7421D}"
	ProjectSection(SolutionItems) = preProject
		.gitignore = .gitignore
	EndProjectSection
EndProject
Project("{FAE04EC0-301F-11D3-BF4B-00C04F79EFBC}") = "Application", "src\Application\Application.csproj", "{BD160FB8-5DFA-4D68-8749-9E1388481E95}"
EndProject
Project("{FAE04EC0-301F-11D3-BF4B-00C04F79EFBC}") = "Domain", "src\Domain\Domain.csproj", "{261568EA-2EF3-477D-B0AC-A9FFA135593F}"
EndProject
Global
	GlobalSection(SolutionConfigurationPlatforms) = preSolution
		Debug|Any CPU = Debug|Any CPU
		Release|Any CPU = Release|Any CPU
	EndGlobalSection
	GlobalSection(ProjectConfigurationPlatforms) = postSolution
		{DF643A95-3BBD-43C0-87A2-EE51067A228F}.Debug|Any CPU.ActiveCfg = Debug|Any CPU
		{DF643A95-3BBD-43C0-87A2-EE51067A228F}.Debug|Any CPU.Build.0 = Debug|Any CPU
		{DF643A95-3BBD-43C0-87A2-EE51067A228F}.Release|Any CPU.ActiveCfg = Release|Any CPU
		{DF643A95-3BBD-43C0-87A2-EE51067A228F}.Release|Any CPU.Build.0 = Release|Any CPU
		{BD160FB8-5DFA-4D68-8749-9E1388481E95}.Debug|Any CPU.ActiveCfg = Debug|Any CPU
		{BD160FB8-5DFA-4D68-8749-9E1388481E95}.Debug|Any CPU.Build.0 = Debug|Any CPU
		{BD160FB8-5DFA-4D68-8749-9E1388481E95}.Release|Any CPU.ActiveCfg = Release|Any CPU
		{BD160FB8-5DFA-4D68-8749-9E1388481E95}.Release|Any CPU.Build.0 = Release|Any CPU
		{261568EA-2EF3-477D-B0AC-A9FFA135593F}.Debug|Any CPU.ActiveCfg = Debug|Any CPU
		{261568EA-2EF3-477D-B0AC-A9FFA135593F}.Debug|Any CPU.Build.0 = Debug|Any CPU
		{261568EA-2EF3-477D-B0AC-A9FFA135593F}.Release|Any CPU.ActiveCfg = Release|Any CPU
		{261568EA-2EF3-477D-B0AC-A9FFA135593F}.Release|Any CPU.Build.0 = Release|Any CPU
	EndGlobalSection
EndGlobal
